// !$*UTF8*$!
{
	archiveVersion = 1;
	classes = {
	};
	objectVersion = 46;
	objects = {

/* Begin PBXBuildFile section */
		E09916491A080F3600B9AC45 /* AppDelegate.swift in Sources */ = {isa = PBXBuildFile; fileRef = E09916481A080F3600B9AC45 /* AppDelegate.swift */; };
		E099164B1A080F3600B9AC45 /* Images.xcassets in Resources */ = {isa = PBXBuildFile; fileRef = E099164A1A080F3600B9AC45 /* Images.xcassets */; };
		E099164E1A080F3600B9AC45 /* MainMenu.xib in Resources */ = {isa = PBXBuildFile; fileRef = E099164C1A080F3600B9AC45 /* MainMenu.xib */; };
		E099165A1A080F3700B9AC45 /* Sbatty2Tests.swift in Sources */ = {isa = PBXBuildFile; fileRef = E09916591A080F3700B9AC45 /* Sbatty2Tests.swift */; };
/* End PBXBuildFile section */

/* Begin PBXContainerItemProxy section */
		E09916541A080F3700B9AC45 /* PBXContainerItemProxy */ = {
			isa = PBXContainerItemProxy;
			containerPortal = E099163B1A080F3600B9AC45 /* Project object */;
			proxyType = 1;
			remoteGlobalIDString = E09916421A080F3600B9AC45;
			remoteInfo = Sbatty2;
		};
/* End PBXContainerItemProxy section */

/* Begin PBXCopyFilesBuildPhase section */
		E09916651A08146700B9AC45 /* CopyFiles */ = {
			isa = PBXCopyFilesBuildPhase;
			buildActionMask = 2147483647;
			dstPath = /usr/share/man/man1/;
			dstSubfolderSpec = 0;
			files = (
			);
			runOnlyForDeploymentPostprocessing = 1;
		};
/* End PBXCopyFilesBuildPhase section */

/* Begin PBXFileReference section */
		E09916431A080F3600B9AC45 /* Sbatty2.app */ = {isa = PBXFileReference; explicitFileType = wrapper.application; includeInIndex = 0; path = Sbatty2.app; sourceTree = BUILT_PRODUCTS_DIR; };
		E09916471A080F3600B9AC45 /* Info.plist */ = {isa = PBXFileReference; lastKnownFileType = text.plist.xml; path = Info.plist; sourceTree = "<group>"; };
		E09916481A080F3600B9AC45 /* AppDelegate.swift */ = {isa = PBXFileReference; lastKnownFileType = sourcecode.swift; path = AppDelegate.swift; sourceTree = "<group>"; };
		E099164A1A080F3600B9AC45 /* Images.xcassets */ = {isa = PBXFileReference; lastKnownFileType = folder.assetcatalog; path = Images.xcassets; sourceTree = "<group>"; };
		E099164D1A080F3600B9AC45 /* Base */ = {isa = PBXFileReference; lastKnownFileType = file.xib; name = Base; path = Base.lproj/MainMenu.xib; sourceTree = "<group>"; };
		E09916531A080F3700B9AC45 /* Sbatty2Tests.xctest */ = {isa = PBXFileReference; explicitFileType = wrapper.cfbundle; includeInIndex = 0; path = Sbatty2Tests.xctest; sourceTree = BUILT_PRODUCTS_DIR; };
		E09916581A080F3700B9AC45 /* Info.plist */ = {isa = PBXFileReference; lastKnownFileType = text.plist.xml; path = Info.plist; sourceTree = "<group>"; };
		E09916591A080F3700B9AC45 /* Sbatty2Tests.swift */ = {isa = PBXFileReference; lastKnownFileType = sourcecode.swift; path = Sbatty2Tests.swift; sourceTree = "<group>"; };
		E09916671A08146700B9AC45 /* Test */ = {isa = PBXFileReference; explicitFileType = "compiled.mach-o.executable"; includeInIndex = 0; path = Test; sourceTree = BUILT_PRODUCTS_DIR; };
/* End PBXFileReference section */

/* Begin PBXFrameworksBuildPhase section */
		E09916401A080F3600B9AC45 /* Frameworks */ = {
			isa = PBXFrameworksBuildPhase;
			buildActionMask = 2147483647;
			files = (
			);
			runOnlyForDeploymentPostprocessing = 0;
		};
		E09916501A080F3700B9AC45 /* Frameworks */ = {
			isa = PBXFrameworksBuildPhase;
			buildActionMask = 2147483647;
			files = (
			);
			runOnlyForDeploymentPostprocessing = 0;
		};
		E09916641A08146700B9AC45 /* Frameworks */ = {
			isa = PBXFrameworksBuildPhase;
			buildActionMask = 2147483647;
			files = (
			);
			runOnlyForDeploymentPostprocessing = 0;
		};
/* End PBXFrameworksBuildPhase section */

/* Begin PBXGroup section */
		E099163A1A080F3600B9AC45 = {
			isa = PBXGroup;
			children = (
				E09916451A080F3600B9AC45 /* Sbatty2 */,
				E09916561A080F3700B9AC45 /* Sbatty2Tests */,
				E09916441A080F3600B9AC45 /* Products */,
			);
			sourceTree = "<group>";
		};
		E09916441A080F3600B9AC45 /* Products */ = {
			isa = PBXGroup;
			children = (
				E09916431A080F3600B9AC45 /* Sbatty2.app */,
				E09916531A080F3700B9AC45 /* Sbatty2Tests.xctest */,
				E09916671A08146700B9AC45 /* Test */,
			);
			name = Products;
			sourceTree = "<group>";
		};
		E09916451A080F3600B9AC45 /* Sbatty2 */ = {
			isa = PBXGroup;
			children = (
				E09916481A080F3600B9AC45 /* AppDelegate.swift */,
				E099164A1A080F3600B9AC45 /* Images.xcassets */,
				E099164C1A080F3600B9AC45 /* MainMenu.xib */,
				E09916461A080F3600B9AC45 /* Supporting Files */,
			);
			path = Sbatty2;
			sourceTree = "<group>";
		};
		E09916461A080F3600B9AC45 /* Supporting Files */ = {
			isa = PBXGroup;
			children = (
				E09916471A080F3600B9AC45 /* Info.plist */,
			);
			name = "Supporting Files";
			sourceTree = "<group>";
		};
		E09916561A080F3700B9AC45 /* Sbatty2Tests */ = {
			isa = PBXGroup;
			children = (
				E09916591A080F3700B9AC45 /* Sbatty2Tests.swift */,
				E09916571A080F3700B9AC45 /* Supporting Files */,
			);
			path = Sbatty2Tests;
			sourceTree = "<group>";
		};
		E09916571A080F3700B9AC45 /* Supporting Files */ = {
			isa = PBXGroup;
			children = (
				E09916581A080F3700B9AC45 /* Info.plist */,
			);
			name = "Supporting Files";
			sourceTree = "<group>";
		};
/* End PBXGroup section */

/* Begin PBXNativeTarget section */
		E09916421A080F3600B9AC45 /* Sbatty2 */ = {
			isa = PBXNativeTarget;
			buildConfigurationList = E099165D1A080F3700B9AC45 /* Build configuration list for PBXNativeTarget "Sbatty2" */;
			buildPhases = (
				E099163F1A080F3600B9AC45 /* Sources */,
				E09916401A080F3600B9AC45 /* Frameworks */,
				E09916411A080F3600B9AC45 /* Resources */,
			);
			buildRules = (
			);
			dependencies = (
			);
			name = Sbatty2;
			productName = Sbatty2;
			productReference = E09916431A080F3600B9AC45 /* Sbatty2.app */;
			productType = "com.apple.product-type.application";
		};
		E09916521A080F3700B9AC45 /* Sbatty2Tests */ = {
			isa = PBXNativeTarget;
			buildConfigurationList = E09916601A080F3700B9AC45 /* Build configuration list for PBXNativeTarget "Sbatty2Tests" */;
			buildPhases = (
				E099164F1A080F3700B9AC45 /* Sources */,
				E09916501A080F3700B9AC45 /* Frameworks */,
				E09916511A080F3700B9AC45 /* Resources */,
			);
			buildRules = (
			);
			dependencies = (
				E09916551A080F3700B9AC45 /* PBXTargetDependency */,
			);
			name = Sbatty2Tests;
			productName = Sbatty2Tests;
			productReference = E09916531A080F3700B9AC45 /* Sbatty2Tests.xctest */;
			productType = "com.apple.product-type.bundle.unit-test";
		};
		E09916661A08146700B9AC45 /* Test */ = {
			isa = PBXNativeTarget;
			buildConfigurationList = E099166B1A08146700B9AC45 /* Build configuration list for PBXNativeTarget "Test" */;
			buildPhases = (
				E09916631A08146700B9AC45 /* Sources */,
				E09916641A08146700B9AC45 /* Frameworks */,
				E09916651A08146700B9AC45 /* CopyFiles */,
			);
			buildRules = (
			);
			dependencies = (
			);
			name = Test;
			productName = Test;
			productReference = E09916671A08146700B9AC45 /* Test */;
			productType = "com.apple.product-type.tool";
		};
/* End PBXNativeTarget section */

/* Begin PBXProject section */
		E099163B1A080F3600B9AC45 /* Project object */ = {
			isa = PBXProject;
			attributes = {
				LastUpgradeCheck = 0610;
				ORGANIZATIONNAME = "Gabriele Carrettoni";
				TargetAttributes = {
					E09916421A080F3600B9AC45 = {
						CreatedOnToolsVersion = 6.1;
					};
					E09916521A080F3700B9AC45 = {
						CreatedOnToolsVersion = 6.1;
						TestTargetID = E09916421A080F3600B9AC45;
					};
					E09916661A08146700B9AC45 = {
						CreatedOnToolsVersion = 6.1;
					};
				};
			};
			buildConfigurationList = E099163E1A080F3600B9AC45 /* Build configuration list for PBXProject "Sbatty2" */;
			compatibilityVersion = "Xcode 3.2";
			developmentRegion = English;
			hasScannedForEncodings = 0;
			knownRegions = (
				en,
				Base,
			);
			mainGroup = E099163A1A080F3600B9AC45;
			productRefGroup = E09916441A080F3600B9AC45 /* Products */;
			projectDirPath = "";
			projectRoot = "";
			targets = (
				E09916421A080F3600B9AC45 /* Sbatty2 */,
				E09916521A080F3700B9AC45 /* Sbatty2Tests */,
				E09916661A08146700B9AC45 /* Test */,
			);
		};
/* End PBXProject section */

/* Begin PBXResourcesBuildPhase section */
		E09916411A080F3600B9AC45 /* Resources */ = {
			isa = PBXResourcesBuildPhase;
			buildActionMask = 2147483647;
			files = (
				E099164B1A080F3600B9AC45 /* Images.xcassets in Resources */,
				E099164E1A080F3600B9AC45 /* MainMenu.xib in Resources */,
			);
			runOnlyForDeploymentPostprocessing = 0;
		};
		E09916511A080F3700B9AC45 /* Resources */ = {
			isa = PBXResourcesBuildPhase;
			buildActionMask = 2147483647;
			files = (
			);
			runOnlyForDeploymentPostprocessing = 0;
		};
/* End PBXResourcesBuildPhase section */

/* Begin PBXSourcesBuildPhase section */
		E099163F1A080F3600B9AC45 /* Sources */ = {
			isa = PBXSourcesBuildPhase;
			buildActionMask = 2147483647;
			files = (
				E09916491A080F3600B9AC45 /* AppDelegate.swift in Sources */,
			);
			runOnlyForDeploymentPostprocessing = 0;
		};
		E099164F1A080F3700B9AC45 /* Sources */ = {
			isa = PBXSourcesBuildPhase;
			buildActionMask = 2147483647;
			files = (
				E099165A1A080F3700B9AC45 /* Sbatty2Tests.swift in Sources */,
			);
			runOnlyForDeploymentPostprocessing = 0;
		};
		E09916631A08146700B9AC45 /* Sources */ = {
			isa = PBXSourcesBuildPhase;
			buildActionMask = 2147483647;
			files = (
			);
			runOnlyForDeploymentPostprocessing = 0;
		};
/* End PBXSourcesBuildPhase section */

/* Begin PBXTargetDependency section */
		E09916551A080F3700B9AC45 /* PBXTargetDependency */ = {
			isa = PBXTargetDependency;
			target = E09916421A080F3600B9AC45 /* Sbatty2 */;
			targetProxy = E09916541A080F3700B9AC45 /* PBXContainerItemProxy */;
		};
/* End PBXTargetDependency section */

/* Begin PBXVariantGroup section */
		E099164C1A080F3600B9AC45 /* MainMenu.xib */ = {
			isa = PBXVariantGroup;
			children = (
				E099164D1A080F3600B9AC45 /* Base */,
			);
			name = MainMenu.xib;
			sourceTree = "<group>";
		};
/* End PBXVariantGroup section */

/* Begin XCBuildConfiguration section */
		E099165B1A080F3700B9AC45 /* Debug */ = {
			isa = XCBuildConfiguration;
			buildSettings = {
				ALWAYS_SEARCH_USER_PATHS = NO;
				CLANG_CXX_LANGUAGE_STANDARD = "gnu++0x";
				CLANG_CXX_LIBRARY = "libc++";
				CLANG_ENABLE_MODULES = YES;
				CLANG_ENABLE_OBJC_ARC = YES;
				CLANG_WARN_BOOL_CONVERSION = YES;
				CLANG_WARN_CONSTANT_CONVERSION = YES;
				CLANG_WARN_DIRECT_OBJC_ISA_USAGE = YES_ERROR;
				CLANG_WARN_EMPTY_BODY = YES;
				CLANG_WARN_ENUM_CONVERSION = YES;
				CLANG_WARN_INT_CONVERSION = YES;
				CLANG_WARN_OBJC_ROOT_CLASS = YES_ERROR;
				CLANG_WARN_UNREACHABLE_CODE = YES;
				CLANG_WARN__DUPLICATE_METHOD_MATCH = YES;
				CODE_SIGN_IDENTITY = "-";
				COPY_PHASE_STRIP = NO;
				ENABLE_STRICT_OBJC_MSGSEND = YES;
				GCC_C_LANGUAGE_STANDARD = gnu99;
				GCC_DYNAMIC_NO_PIC = NO;
				GCC_OPTIMIZATION_LEVEL = 0;
				GCC_PREPROCESSOR_DEFINITIONS = (
					"DEBUG=1",
					"$(inherited)",
				);
				GCC_SYMBOLS_PRIVATE_EXTERN = NO;
				GCC_WARN_64_TO_32_BIT_CONVERSION = YES;
				GCC_WARN_ABOUT_RETURN_TYPE = YES_ERROR;
				GCC_WARN_UNDECLARED_SELECTOR = YES;
				GCC_WARN_UNINITIALIZED_AUTOS = YES_AGGRESSIVE;
				GCC_WARN_UNUSED_FUNCTION = YES;
				GCC_WARN_UNUSED_VARIABLE = YES;
				MACOSX_DEPLOYMENT_TARGET = 10.10;
				MTL_ENABLE_DEBUG_INFO = YES;
				ONLY_ACTIVE_ARCH = YES;
				SDKROOT = macosx;
				SWIFT_OPTIMIZATION_LEVEL = "-Onone";
			};
			name = Debug;
		};
		E099165C1A080F3700B9AC45 /* Release */ = {
			isa = XCBuildConfiguration;
			buildSettings = {
				ALWAYS_SEARCH_USER_PATHS = NO;
				CLANG_CXX_LANGUAGE_STANDARD = "gnu++0x";
				CLANG_CXX_LIBRARY = "libc++";
				CLANG_ENABLE_MODULES = YES;
				CLANG_ENABLE_OBJC_ARC = YES;
				CLANG_WARN_BOOL_CONVERSION = YES;
				CLANG_WARN_CONSTANT_CONVERSION = YES;
				CLANG_WARN_DIRECT_OBJC_ISA_USAGE = YES_ERROR;
				CLANG_WARN_EMPTY_BODY = YES;
				CLANG_WARN_ENUM_CONVERSION = YES;
				CLANG_WARN_INT_CONVERSION = YES;
				CLANG_WARN_OBJC_ROOT_CLASS = YES_ERROR;
				CLANG_WARN_UNREACHABLE_CODE = YES;
				CLANG_WARN__DUPLICATE_METHOD_MATCH = YES;
				CODE_SIGN_IDENTITY = "-";
				COPY_PHASE_STRIP = YES;
				DEBUG_INFORMATION_FORMAT = "dwarf-with-dsym";
				ENABLE_NS_ASSERTIONS = NO;
				ENABLE_STRICT_OBJC_MSGSEND = YES;
				GCC_C_LANGUAGE_STANDARD = gnu99;
				GCC_WARN_64_TO_32_BIT_CONVERSION = YES;
				GCC_WARN_ABOUT_RETURN_TYPE = YES_ERROR;
				GCC_WARN_UNDECLARED_SELECTOR = YES;
				GCC_WARN_UNINITIALIZED_AUTOS = YES_AGGRESSIVE;
				GCC_WARN_UNUSED_FUNCTION = YES;
				GCC_WARN_UNUSED_VARIABLE = YES;
				MACOSX_DEPLOYMENT_TARGET = 10.10;
				MTL_ENABLE_DEBUG_INFO = NO;
				SDKROOT = macosx;
			};
			name = Release;
		};
		E099165E1A080F3700B9AC45 /* Debug */ = {
			isa = XCBuildConfiguration;
			buildSettings = {
				ASSETCATALOG_COMPILER_APPICON_NAME = AppIcon;
				COMBINE_HIDPI_IMAGES = YES;
				INFOPLIST_FILE = Sbatty2/Info.plist;
				LD_RUNPATH_SEARCH_PATHS = "$(inherited) @executable_path/../Frameworks";
				PRODUCT_NAME = "$(TARGET_NAME)";
			};
			name = Debug;
		};
		E099165F1A080F3700B9AC45 /* Release */ = {
			isa = XCBuildConfiguration;
			buildSettings = {
				ASSETCATALOG_COMPILER_APPICON_NAME = AppIcon;
				COMBINE_HIDPI_IMAGES = YES;
				INFOPLIST_FILE = Sbatty2/Info.plist;
				LD_RUNPATH_SEARCH_PATHS = "$(inherited) @executable_path/../Frameworks";
				PRODUCT_NAME = "$(TARGET_NAME)";
			};
			name = Release;
		};
		E09916611A080F3700B9AC45 /* Debug */ = {
			isa = XCBuildConfiguration;
			buildSettings = {
				BUNDLE_LOADER = "$(TEST_HOST)";
				COMBINE_HIDPI_IMAGES = YES;
				FRAMEWORK_SEARCH_PATHS = (
					"$(DEVELOPER_FRAMEWORKS_DIR)",
					"$(inherited)",
				);
				GCC_PREPROCESSOR_DEFINITIONS = (
					"DEBUG=1",
					"$(inherited)",
				);
				INFOPLIST_FILE = Sbatty2Tests/Info.plist;
				LD_RUNPATH_SEARCH_PATHS = "$(inherited) @executable_path/../Frameworks @loader_path/../Frameworks";
				PRODUCT_NAME = "$(TARGET_NAME)";
				TEST_HOST = "$(BUILT_PRODUCTS_DIR)/Sbatty2.app/Contents/MacOS/Sbatty2";
			};
			name = Debug;
		};
		E09916621A080F3700B9AC45 /* Release */ = {
			isa = XCBuildConfiguration;
			buildSettings = {
				BUNDLE_LOADER = "$(TEST_HOST)";
				COMBINE_HIDPI_IMAGES = YES;
				FRAMEWORK_SEARCH_PATHS = (
					"$(DEVELOPER_FRAMEWORKS_DIR)",
					"$(inherited)",
				);
				INFOPLIST_FILE = Sbatty2Tests/Info.plist;
				LD_RUNPATH_SEARCH_PATHS = "$(inherited) @executable_path/../Frameworks @loader_path/../Frameworks";
				PRODUCT_NAME = "$(TARGET_NAME)";
				TEST_HOST = "$(BUILT_PRODUCTS_DIR)/Sbatty2.app/Contents/MacOS/Sbatty2";
			};
			name = Release;
		};
		E099166C1A08146700B9AC45 /* Debug */ = {
			isa = XCBuildConfiguration;
			buildSettings = {
				GCC_PREPROCESSOR_DEFINITIONS = (
					"DEBUG=1",
					"$(inherited)",
				);
				PRODUCT_NAME = "$(TARGET_NAME)";
			};
			name = Debug;
		};
		E099166D1A08146700B9AC45 /* Release */ = {
			isa = XCBuildConfiguration;
			buildSettings = {
				PRODUCT_NAME = "$(TARGET_NAME)";
			};
			name = Release;
		};
/* End XCBuildConfiguration section */

/* Begin XCConfigurationList section */
		E099163E1A080F3600B9AC45 /* Build configuration list for PBXProject "Sbatty2" */ = {
			isa = XCConfigurationList;
			buildConfigurations = (
				E099165B1A080F3700B9AC45 /* Debug */,
				E099165C1A080F3700B9AC45 /* Release */,
			);
			defaultConfigurationIsVisible = 0;
			defaultConfigurationName = Release;
		};
		E099165D1A080F3700B9AC45 /* Build configuration list for PBXNativeTarget "Sbatty2" */ = {
			isa = XCConfigurationList;
			buildConfigurations = (
				E099165E1A080F3700B9AC45 /* Debug */,
				E099165F1A080F3700B9AC45 /* Release */,
			);
			defaultConfigurationIsVisible = 0;
		};
		E09916601A080F3700B9AC45 /* Build configuration list for PBXNativeTarget "Sbatty2Tests" */ = {
			isa = XCConfigurationList;
			buildConfigurations = (
				E09916611A080F3700B9AC45 /* Debug */,
				E09916621A080F3700B9AC45 /* Release */,
			);
			defaultConfigurationIsVisible = 0;
		};
		E099166B1A08146700B9AC45 /* Build configuration list for PBXNativeTarget "Test" */ = {
			isa = XCConfigurationList;
			buildConfigurations = (
				E099166C1A08146700B9AC45 /* Debug */,
				E099166D1A08146700B9AC45 /* Release */,
			);
			defaultConfigurationIsVisible = 0;
		};
/* End XCConfigurationList section */
	};
	rootObject = E099163B1A080F3600B9AC45 /* Project object */;
}
